
Microsoft Visual Studio Solution File, Format Version 12.00
# Visual Studio Version 16
VisualStudioVersion = 16.0.32228.343
MinimumVisualStudioVersion = 10.0.40219.1
Project("{FAE04EC0-301F-11D3-BF4B-00C04F79EFBC}") = "CountNodesOfCompleteBT", "CountNodesOfCompleteBT.csproj", "{88CFD0BF-69DF-4DAD-8828-422FEBE5735B}"
EndProject
Global
	GlobalSection(SolutionConfigurationPlatforms) = preSolution
		Debug|Any CPU = Debug|Any CPU
		Release|Any CPU = Release|Any CPU
	EndGlobalSection
	GlobalSection(ProjectConfigurationPlatforms) = postSolution
		{88CFD0BF-69DF-4DAD-8828-422FEBE5735B}.Debug|Any CPU.ActiveCfg = Debug|Any CPU
		{88CFD0BF-69DF-4DAD-8828-422FEBE5735B}.Debug|Any CPU.Build.0 = Debug|Any CPU
		{88CFD0BF-69DF-4DAD-8828-422FEBE5735B}.Release|Any CPU.ActiveCfg = Release|Any CPU
		{88CFD0BF-69DF-4DAD-8828-422FEBE5735B}.Release|Any CPU.Build.0 = Release|Any CPU
	EndGlobalSection
	GlobalSection(SolutionProperties) = preSolution
		HideSolutionNode = FALSE
	EndGlobalSection
	GlobalSection(ExtensibilityGlobals) = postSolution
		SolutionGuid = {B37F499A-33B4-4620-8D00-EC2C8EAA00F6}
	EndGlobalSection
EndGlobal
