
Microsoft Visual Studio Solution File, Format Version 12.00
# Visual Studio Version 16
VisualStudioVersion = 16.0.32228.343
MinimumVisualStudioVersion = 10.0.40219.1
Project("{FAE04EC0-301F-11D3-BF4B-00C04F79EFBC}") = "VerticalSumInBST", "VerticalSumInBST.csproj", "{1981BC85-680F-408D-A690-345E9806052A}"
EndProject
Global
	GlobalSection(SolutionConfigurationPlatforms) = preSolution
		Debug|Any CPU = Debug|Any CPU
		Release|Any CPU = Release|Any CPU
	EndGlobalSection
	GlobalSection(ProjectConfigurationPlatforms) = postSolution
		{1981BC85-680F-408D-A690-345E9806052A}.Debug|Any CPU.ActiveCfg = Debug|Any CPU
		{1981BC85-680F-408D-A690-345E9806052A}.Debug|Any CPU.Build.0 = Debug|Any CPU
		{1981BC85-680F-408D-A690-345E9806052A}.Release|Any CPU.ActiveCfg = Release|Any CPU
		{1981BC85-680F-408D-A690-345E9806052A}.Release|Any CPU.Build.0 = Release|Any CPU
	EndGlobalSection
	GlobalSection(SolutionProperties) = preSolution
		HideSolutionNode = FALSE
	EndGlobalSection
	GlobalSection(ExtensibilityGlobals) = postSolution
		SolutionGuid = {3EA3E0F7-ADB0-4B6F-8FEF-D8BD3969073C}
	EndGlobalSection
EndGlobal
