
Microsoft Visual Studio Solution File, Format Version 12.00
# Visual Studio Version 17
VisualStudioVersion = 17.0.32014.148
MinimumVisualStudioVersion = 10.0.40219.1
Project("{FAE04EC0-301F-11D3-BF4B-00C04F79EFBC}") = "ArticulationPoint", "ArticulationPoint\ArticulationPoint.csproj", "{B2D24391-309D-43D5-95D2-0EE9A8083E2C}"
EndProject
Global
	GlobalSection(SolutionConfigurationPlatforms) = preSolution
		Debug|Any CPU = Debug|Any CPU
		Release|Any CPU = Release|Any CPU
	EndGlobalSection
	GlobalSection(ProjectConfigurationPlatforms) = postSolution
		{B2D24391-309D-43D5-95D2-0EE9A8083E2C}.Debug|Any CPU.ActiveCfg = Debug|Any CPU
		{B2D24391-309D-43D5-95D2-0EE9A8083E2C}.Debug|Any CPU.Build.0 = Debug|Any CPU
		{B2D24391-309D-43D5-95D2-0EE9A8083E2C}.Release|Any CPU.ActiveCfg = Release|Any CPU
		{B2D24391-309D-43D5-95D2-0EE9A8083E2C}.Release|Any CPU.Build.0 = Release|Any CPU
	EndGlobalSection
	GlobalSection(SolutionProperties) = preSolution
		HideSolutionNode = FALSE
	EndGlobalSection
	GlobalSection(ExtensibilityGlobals) = postSolution
		SolutionGuid = {88AFBDB0-5D28-4782-8A2F-1442CC592E5A}
	EndGlobalSection
EndGlobal
