
Microsoft Visual Studio Solution File, Format Version 12.00
# Visual Studio Version 16
VisualStudioVersion = 16.0.32228.343
MinimumVisualStudioVersion = 10.0.40219.1
Project("{FAE04EC0-301F-11D3-BF4B-00C04F79EFBC}") = "ConvertBTtoDLL", "ConvertBTtoDLL.csproj", "{22B48715-D724-4CB3-B99C-1CC66D10160C}"
EndProject
Global
	GlobalSection(SolutionConfigurationPlatforms) = preSolution
		Debug|Any CPU = Debug|Any CPU
		Release|Any CPU = Release|Any CPU
	EndGlobalSection
	GlobalSection(ProjectConfigurationPlatforms) = postSolution
		{22B48715-D724-4CB3-B99C-1CC66D10160C}.Debug|Any CPU.ActiveCfg = Debug|Any CPU
		{22B48715-D724-4CB3-B99C-1CC66D10160C}.Debug|Any CPU.Build.0 = Debug|Any CPU
		{22B48715-D724-4CB3-B99C-1CC66D10160C}.Release|Any CPU.ActiveCfg = Release|Any CPU
		{22B48715-D724-4CB3-B99C-1CC66D10160C}.Release|Any CPU.Build.0 = Release|Any CPU
	EndGlobalSection
	GlobalSection(SolutionProperties) = preSolution
		HideSolutionNode = FALSE
	EndGlobalSection
	GlobalSection(ExtensibilityGlobals) = postSolution
		SolutionGuid = {CE0D6344-BA6B-421C-8618-08B2019BCDEE}
	EndGlobalSection
EndGlobal
