
Microsoft Visual Studio Solution File, Format Version 12.00
# Visual Studio Version 16
VisualStudioVersion = 16.0.32228.343
MinimumVisualStudioVersion = 10.0.40219.1
Project("{FAE04EC0-301F-11D3-BF4B-00C04F79EFBC}") = "LeftRightViewOfBT", "LeftRightViewOfBT.csproj", "{75184DD3-6C90-45AB-929E-8CC8F4407E30}"
EndProject
Global
	GlobalSection(SolutionConfigurationPlatforms) = preSolution
		Debug|Any CPU = Debug|Any CPU
		Release|Any CPU = Release|Any CPU
	EndGlobalSection
	GlobalSection(ProjectConfigurationPlatforms) = postSolution
		{75184DD3-6C90-45AB-929E-8CC8F4407E30}.Debug|Any CPU.ActiveCfg = Debug|Any CPU
		{75184DD3-6C90-45AB-929E-8CC8F4407E30}.Debug|Any CPU.Build.0 = Debug|Any CPU
		{75184DD3-6C90-45AB-929E-8CC8F4407E30}.Release|Any CPU.ActiveCfg = Release|Any CPU
		{75184DD3-6C90-45AB-929E-8CC8F4407E30}.Release|Any CPU.Build.0 = Release|Any CPU
	EndGlobalSection
	GlobalSection(SolutionProperties) = preSolution
		HideSolutionNode = FALSE
	EndGlobalSection
	GlobalSection(ExtensibilityGlobals) = postSolution
		SolutionGuid = {E0F849BB-BF11-4DC4-944B-DE787893DBDD}
	EndGlobalSection
EndGlobal
