
Microsoft Visual Studio Solution File, Format Version 12.00
# Visual Studio Version 17
VisualStudioVersion = 17.0.32014.148
MinimumVisualStudioVersion = 10.0.40219.1
Project("{FAE04EC0-301F-11D3-BF4B-00C04F79EFBC}") = "KruskalsAlgorithm", "KruskalsAlgorithm\KruskalsAlgorithm.csproj", "{A66F3995-D361-46A5-85B6-2E5F480A299C}"
EndProject
Global
	GlobalSection(SolutionConfigurationPlatforms) = preSolution
		Debug|Any CPU = Debug|Any CPU
		Release|Any CPU = Release|Any CPU
	EndGlobalSection
	GlobalSection(ProjectConfigurationPlatforms) = postSolution
		{A66F3995-D361-46A5-85B6-2E5F480A299C}.Debug|Any CPU.ActiveCfg = Debug|Any CPU
		{A66F3995-D361-46A5-85B6-2E5F480A299C}.Debug|Any CPU.Build.0 = Debug|Any CPU
		{A66F3995-D361-46A5-85B6-2E5F480A299C}.Release|Any CPU.ActiveCfg = Release|Any CPU
		{A66F3995-D361-46A5-85B6-2E5F480A299C}.Release|Any CPU.Build.0 = Release|Any CPU
	EndGlobalSection
	GlobalSection(SolutionProperties) = preSolution
		HideSolutionNode = FALSE
	EndGlobalSection
	GlobalSection(ExtensibilityGlobals) = postSolution
		SolutionGuid = {41D83C00-5D96-4EB8-9662-D4F506AE6F77}
	EndGlobalSection
EndGlobal
