
Microsoft Visual Studio Solution File, Format Version 12.00
# Visual Studio Version 17
VisualStudioVersion = 17.0.32014.148
MinimumVisualStudioVersion = 10.0.40219.1
Project("{FAE04EC0-301F-11D3-BF4B-00C04F79EFBC}") = "StronglyConnectedGraph", "StronglyConnectedGraph\StronglyConnectedGraph.csproj", "{E7A753B3-7324-48E6-81B4-EF9E86CF8B00}"
EndProject
Global
	GlobalSection(SolutionConfigurationPlatforms) = preSolution
		Debug|Any CPU = Debug|Any CPU
		Release|Any CPU = Release|Any CPU
	EndGlobalSection
	GlobalSection(ProjectConfigurationPlatforms) = postSolution
		{E7A753B3-7324-48E6-81B4-EF9E86CF8B00}.Debug|Any CPU.ActiveCfg = Debug|Any CPU
		{E7A753B3-7324-48E6-81B4-EF9E86CF8B00}.Debug|Any CPU.Build.0 = Debug|Any CPU
		{E7A753B3-7324-48E6-81B4-EF9E86CF8B00}.Release|Any CPU.ActiveCfg = Release|Any CPU
		{E7A753B3-7324-48E6-81B4-EF9E86CF8B00}.Release|Any CPU.Build.0 = Release|Any CPU
	EndGlobalSection
	GlobalSection(SolutionProperties) = preSolution
		HideSolutionNode = FALSE
	EndGlobalSection
	GlobalSection(ExtensibilityGlobals) = postSolution
		SolutionGuid = {A6471030-9034-4BEF-9256-E758800F0026}
	EndGlobalSection
EndGlobal
