
Microsoft Visual Studio Solution File, Format Version 12.00
# Visual Studio Version 16
VisualStudioVersion = 16.0.32228.343
MinimumVisualStudioVersion = 10.0.40219.1
Project("{FAE04EC0-301F-11D3-BF4B-00C04F79EFBC}") = "CutARod", "CutARod.csproj", "{B9F4C228-B05A-43DF-8F94-C8CCB26A26AB}"
EndProject
Global
	GlobalSection(SolutionConfigurationPlatforms) = preSolution
		Debug|Any CPU = Debug|Any CPU
		Release|Any CPU = Release|Any CPU
	EndGlobalSection
	GlobalSection(ProjectConfigurationPlatforms) = postSolution
		{B9F4C228-B05A-43DF-8F94-C8CCB26A26AB}.Debug|Any CPU.ActiveCfg = Debug|Any CPU
		{B9F4C228-B05A-43DF-8F94-C8CCB26A26AB}.Debug|Any CPU.Build.0 = Debug|Any CPU
		{B9F4C228-B05A-43DF-8F94-C8CCB26A26AB}.Release|Any CPU.ActiveCfg = Release|Any CPU
		{B9F4C228-B05A-43DF-8F94-C8CCB26A26AB}.Release|Any CPU.Build.0 = Release|Any CPU
	EndGlobalSection
	GlobalSection(SolutionProperties) = preSolution
		HideSolutionNode = FALSE
	EndGlobalSection
	GlobalSection(ExtensibilityGlobals) = postSolution
		SolutionGuid = {D11743B8-2866-4AC5-AE0D-C33B44C901C9}
	EndGlobalSection
EndGlobal
