
Microsoft Visual Studio Solution File, Format Version 12.00
# Visual Studio Version 16
VisualStudioVersion = 16.0.32228.343
MinimumVisualStudioVersion = 10.0.40219.1
Project("{FAE04EC0-301F-11D3-BF4B-00C04F79EFBC}") = "PrintNodesAtKDistance", "PrintNodesAtKDistance.csproj", "{B2CBE82F-E4BD-4A72-8925-407169DA17B3}"
EndProject
Global
	GlobalSection(SolutionConfigurationPlatforms) = preSolution
		Debug|Any CPU = Debug|Any CPU
		Release|Any CPU = Release|Any CPU
	EndGlobalSection
	GlobalSection(ProjectConfigurationPlatforms) = postSolution
		{B2CBE82F-E4BD-4A72-8925-407169DA17B3}.Debug|Any CPU.ActiveCfg = Debug|Any CPU
		{B2CBE82F-E4BD-4A72-8925-407169DA17B3}.Debug|Any CPU.Build.0 = Debug|Any CPU
		{B2CBE82F-E4BD-4A72-8925-407169DA17B3}.Release|Any CPU.ActiveCfg = Release|Any CPU
		{B2CBE82F-E4BD-4A72-8925-407169DA17B3}.Release|Any CPU.Build.0 = Release|Any CPU
	EndGlobalSection
	GlobalSection(SolutionProperties) = preSolution
		HideSolutionNode = FALSE
	EndGlobalSection
	GlobalSection(ExtensibilityGlobals) = postSolution
		SolutionGuid = {C6F5BC8C-2B40-4A95-8BAC-5A92FA8B5BA2}
	EndGlobalSection
EndGlobal
