
Microsoft Visual Studio Solution File, Format Version 12.00
# Visual Studio Version 16
VisualStudioVersion = 16.0.32228.343
MinimumVisualStudioVersion = 10.0.40219.1
Project("{FAE04EC0-301F-11D3-BF4B-00C04F79EFBC}") = "TwoSumInArray", "TwoSumInArray.csproj", "{E2E37CA2-F5E5-4E54-BF5C-933BA6A59BC6}"
EndProject
Global
	GlobalSection(SolutionConfigurationPlatforms) = preSolution
		Debug|Any CPU = Debug|Any CPU
		Release|Any CPU = Release|Any CPU
	EndGlobalSection
	GlobalSection(ProjectConfigurationPlatforms) = postSolution
		{E2E37CA2-F5E5-4E54-BF5C-933BA6A59BC6}.Debug|Any CPU.ActiveCfg = Debug|Any CPU
		{E2E37CA2-F5E5-4E54-BF5C-933BA6A59BC6}.Debug|Any CPU.Build.0 = Debug|Any CPU
		{E2E37CA2-F5E5-4E54-BF5C-933BA6A59BC6}.Release|Any CPU.ActiveCfg = Release|Any CPU
		{E2E37CA2-F5E5-4E54-BF5C-933BA6A59BC6}.Release|Any CPU.Build.0 = Release|Any CPU
	EndGlobalSection
	GlobalSection(SolutionProperties) = preSolution
		HideSolutionNode = FALSE
	EndGlobalSection
	GlobalSection(ExtensibilityGlobals) = postSolution
		SolutionGuid = {7D2AF285-6B4F-43F6-8200-3E6EFE4B1DF1}
	EndGlobalSection
EndGlobal
